// !$*UTF8*$!
{
	archiveVersion = 1;
	classes = {
	};
	objectVersion = 46;
	objects = {

/* Begin PBXBuildFile section */
		680198EB1B45EC320051DC0A /* AppDelegate.swift in Sources */ = {isa = PBXBuildFile; fileRef = 680198EA1B45EC320051DC0A /* AppDelegate.swift */; };
		680198ED1B45EC320051DC0A /* ViewController.swift in Sources */ = {isa = PBXBuildFile; fileRef = 680198EC1B45EC320051DC0A /* ViewController.swift */; };
		680198F01B45EC320051DC0A /* Main.storyboard in Resources */ = {isa = PBXBuildFile; fileRef = 680198EE1B45EC320051DC0A /* Main.storyboard */; };
		680198F21B45EC320051DC0A /* Images.xcassets in Resources */ = {isa = PBXBuildFile; fileRef = 680198F11B45EC320051DC0A /* Images.xcassets */; };
		680198F51B45EC320051DC0A /* LaunchScreen.xib in Resources */ = {isa = PBXBuildFile; fileRef = 680198F31B45EC320051DC0A /* LaunchScreen.xib */; };
		680199011B45EC320051DC0A /* Meme_TestingTests.swift in Sources */ = {isa = PBXBuildFile; fileRef = 680199001B45EC320051DC0A /* Meme_TestingTests.swift */; };
/* End PBXBuildFile section */

/* Begin PBXContainerItemProxy section */
		680198FB1B45EC320051DC0A /* PBXContainerItemProxy */ = {
			isa = PBXContainerItemProxy;
			containerPortal = 680198DD1B45EC320051DC0A /* Project object */;
			proxyType = 1;
			remoteGlobalIDString = 680198E41B45EC320051DC0A;
			remoteInfo = "Meme Testing";
		};
/* End PBXContainerItemProxy section */

/* Begin PBXFileReference section */
		680198E51B45EC320051DC0A /* Meme Testing.app */ = {isa = PBXFileReference; explicitFileType = wrapper.application; includeInIndex = 0; path = "Meme Testing.app"; sourceTree = BUILT_PRODUCTS_DIR; };
		680198E91B45EC320051DC0A /* Info.plist */ = {isa = PBXFileReference; lastKnownFileType = text.plist.xml; path = Info.plist; sourceTree = "<group>"; };
		680198EA1B45EC320051DC0A /* AppDelegate.swift */ = {isa = PBXFileReference; lastKnownFileType = sourcecode.swift; path = AppDelegate.swift; sourceTree = "<group>"; };
		680198EC1B45EC320051DC0A /* ViewController.swift */ = {isa = PBXFileReference; lastKnownFileType = sourcecode.swift; path = ViewController.swift; sourceTree = "<group>"; };
		680198EF1B45EC320051DC0A /* Base */ = {isa = PBXFileReference; lastKnownFileType = file.storyboard; name = Base; path = Base.lproj/Main.storyboard; sourceTree = "<group>"; };
		680198F11B45EC320051DC0A /* Images.xcassets */ = {isa = PBXFileReference; lastKnownFileType = folder.assetcatalog; path = Images.xcassets; sourceTree = "<group>"; };
		680198F41B45EC320051DC0A /* Base */ = {isa = PBXFileReference; lastKnownFileType = file.xib; name = Base; path = Base.lproj/LaunchScreen.xib; sourceTree = "<group>"; };
		680198FA1B45EC320051DC0A /* Meme TestingTests.xctest */ = {isa = PBXFileReference; explicitFileType = wrapper.cfbundle; includeInIndex = 0; path = "Meme TestingTests.xctest"; sourceTree = BUILT_PRODUCTS_DIR; };
		680198FF1B45EC320051DC0A /* Info.plist */ = {isa = PBXFileReference; lastKnownFileType = text.plist.xml; path = Info.plist; sourceTree = "<group>"; };
		680199001B45EC320051DC0A /* Meme_TestingTests.swift */ = {isa = PBXFileReference; lastKnownFileType = sourcecode.swift; path = Meme_TestingTests.swift; sourceTree = "<group>"; };
/* End PBXFileReference section */

/* Begin PBXFrameworksBuildPhase section */
		680198E21B45EC320051DC0A /* Frameworks */ = {
			isa = PBXFrameworksBuildPhase;
			buildActionMask = 2147483647;
			files = (
			);
			runOnlyForDeploymentPostprocessing = 0;
		};
		680198F71B45EC320051DC0A /* Frameworks */ = {
			isa = PBXFrameworksBuildPhase;
			buildActionMask = 2147483647;
			files = (
			);
			runOnlyForDeploymentPostprocessing = 0;
		};
/* End PBXFrameworksBuildPhase section */

/* Begin PBXGroup section */
		680198DC1B45EC320051DC0A = {
			isa = PBXGroup;
			children = (
				680198E71B45EC320051DC0A /* Meme Testing */,
				680198FD1B45EC320051DC0A /* Meme TestingTests */,
				680198E61B45EC320051DC0A /* Products */,
			);
			sourceTree = "<group>";
		};
		680198E61B45EC320051DC0A /* Products */ = {
			isa = PBXGroup;
			children = (
				680198E51B45EC320051DC0A /* Meme Testing.app */,
				680198FA1B45EC320051DC0A /* Meme TestingTests.xctest */,
			);
			name = Products;
			sourceTree = "<group>";
		};
		680198E71B45EC320051DC0A /* Meme Testing */ = {
			isa = PBXGroup;
			children = (
				680198EA1B45EC320051DC0A /* AppDelegate.swift */,
				680198EC1B45EC320051DC0A /* ViewController.swift */,
				680198EE1B45EC320051DC0A /* Main.storyboard */,
				680198F11B45EC320051DC0A /* Images.xcassets */,
				680198F31B45EC320051DC0A /* LaunchScreen.xib */,
				680198E81B45EC320051DC0A /* Supporting Files */,
			);
			path = "Meme Testing";
			sourceTree = "<group>";
		};
		680198E81B45EC320051DC0A /* Supporting Files */ = {
			isa = PBXGroup;
			children = (
				680198E91B45EC320051DC0A /* Info.plist */,
			);
			name = "Supporting Files";
			sourceTree = "<group>";
		};
		680198FD1B45EC320051DC0A /* Meme TestingTests */ = {
			isa = PBXGroup;
			children = (
				680199001B45EC320051DC0A /* Meme_TestingTests.swift */,
				680198FE1B45EC320051DC0A /* Supporting Files */,
			);
			path = "Meme TestingTests";
			sourceTree = "<group>";
		};
		680198FE1B45EC320051DC0A /* Supporting Files */ = {
			isa = PBXGroup;
			children = (
				680198FF1B45EC320051DC0A /* Info.plist */,
			);
			name = "Supporting Files";
			sourceTree = "<group>";
		};
/* End PBXGroup section */

/* Begin PBXNativeTarget section */
		680198E41B45EC320051DC0A /* Meme Testing */ = {
			isa = PBXNativeTarget;
			buildConfigurationList = 680199041B45EC320051DC0A /* Build configuration list for PBXNativeTarget "Meme Testing" */;
			buildPhases = (
				680198E11B45EC320051DC0A /* Sources */,
				680198E21B45EC320051DC0A /* Frameworks */,
				680198E31B45EC320051DC0A /* Resources */,
			);
			buildRules = (
			);
			dependencies = (
			);
			name = "Meme Testing";
			productName = "Meme Testing";
			productReference = 680198E51B45EC320051DC0A /* Meme Testing.app */;
			productType = "com.apple.product-type.application";
		};
		680198F91B45EC320051DC0A /* Meme TestingTests */ = {
			isa = PBXNativeTarget;
			buildConfigurationList = 680199071B45EC320051DC0A /* Build configuration list for PBXNativeTarget "Meme TestingTests" */;
			buildPhases = (
				680198F61B45EC320051DC0A /* Sources */,
				680198F71B45EC320051DC0A /* Frameworks */,
				680198F81B45EC320051DC0A /* Resources */,
			);
			buildRules = (
			);
			dependencies = (
				680198FC1B45EC320051DC0A /* PBXTargetDependency */,
			);
			name = "Meme TestingTests";
			productName = "Meme TestingTests";
			productReference = 680198FA1B45EC320051DC0A /* Meme TestingTests.xctest */;
			productType = "com.apple.product-type.bundle.unit-test";
		};
/* End PBXNativeTarget section */

/* Begin PBXProject section */
		680198DD1B45EC320051DC0A /* Project object */ = {
			isa = PBXProject;
			attributes = {
				LastUpgradeCheck = 0630;
				ORGANIZATIONNAME = SankieInc;
				TargetAttributes = {
					680198E41B45EC320051DC0A = {
						CreatedOnToolsVersion = 6.3.2;
					};
					680198F91B45EC320051DC0A = {
						CreatedOnToolsVersion = 6.3.2;
						TestTargetID = 680198E41B45EC320051DC0A;
					};
				};
			};
			buildConfigurationList = 680198E01B45EC320051DC0A /* Build configuration list for PBXProject "Meme Testing" */;
			compatibilityVersion = "Xcode 3.2";
			developmentRegion = English;
			hasScannedForEncodings = 0;
			knownRegions = (
				en,
				Base,
			);
			mainGroup = 680198DC1B45EC320051DC0A;
			productRefGroup = 680198E61B45EC320051DC0A /* Products */;
			projectDirPath = "";
			projectRoot = "";
			targets = (
				680198E41B45EC320051DC0A /* Meme Testing */,
				680198F91B45EC320051DC0A /* Meme TestingTests */,
			);
		};
/* End PBXProject section */

/* Begin PBXResourcesBuildPhase section */
		680198E31B45EC320051DC0A /* Resources */ = {
			isa = PBXResourcesBuildPhase;
			buildActionMask = 2147483647;
			files = (
				680198F01B45EC320051DC0A /* Main.storyboard in Resources */,
				680198F51B45EC320051DC0A /* LaunchScreen.xib in Resources */,
				680198F21B45EC320051DC0A /* Images.xcassets in Resources */,
			);
			runOnlyForDeploymentPostprocessing = 0;
		};
		680198F81B45EC320051DC0A /* Resources */ = {
			isa = PBXResourcesBuildPhase;
			buildActionMask = 2147483647;
			files = (
			);
			runOnlyForDeploymentPostprocessing = 0;
		};
/* End PBXResourcesBuildPhase section */

/* Begin PBXSourcesBuildPhase section */
		680198E11B45EC320051DC0A /* Sources */ = {
			isa = PBXSourcesBuildPhase;
			buildActionMask = 2147483647;
			files = (
				680198ED1B45EC320051DC0A /* ViewController.swift in Sources */,
				680198EB1B45EC320051DC0A /* AppDelegate.swift in Sources */,
			);
			runOnlyForDeploymentPostprocessing = 0;
		};
		680198F61B45EC320051DC0A /* Sources */ = {
			isa = PBXSourcesBuildPhase;
			buildActionMask = 2147483647;
			files = (
				680199011B45EC320051DC0A /* Meme_TestingTests.swift in Sources */,
			);
			runOnlyForDeploymentPostprocessing = 0;
		};
/* End PBXSourcesBuildPhase section */

/* Begin PBXTargetDependency section */
		680198FC1B45EC320051DC0A /* PBXTargetDependency */ = {
			isa = PBXTargetDependency;
			target = 680198E41B45EC320051DC0A /* Meme Testing */;
			targetProxy = 680198FB1B45EC320051DC0A /* PBXContainerItemProxy */;
		};
/* End PBXTargetDependency section */

/* Begin PBXVariantGroup section */
		680198EE1B45EC320051DC0A /* Main.storyboard */ = {
			isa = PBXVariantGroup;
			children = (
				680198EF1B45EC320051DC0A /* Base */,
			);
			name = Main.storyboard;
			sourceTree = "<group>";
		};
		680198F31B45EC320051DC0A /* LaunchScreen.xib */ = {
			isa = PBXVariantGroup;
			children = (
				680198F41B45EC320051DC0A /* Base */,
			);
			name = LaunchScreen.xib;
			sourceTree = "<group>";
		};
/* End PBXVariantGroup section */

/* Begin XCBuildConfiguration section */
		680199021B45EC320051DC0A /* Debug */ = {
			isa = XCBuildConfiguration;
			buildSettings = {
				ALWAYS_SEARCH_USER_PATHS = NO;
				CLANG_CXX_LANGUAGE_STANDARD = "gnu++0x";
				CLANG_CXX_LIBRARY = "libc++";
				CLANG_ENABLE_MODULES = YES;
				CLANG_ENABLE_OBJC_ARC = YES;
				CLANG_WARN_BOOL_CONVERSION = YES;
				CLANG_WARN_CONSTANT_CONVERSION = YES;
				CLANG_WARN_DIRECT_OBJC_ISA_USAGE = YES_ERROR;
				CLANG_WARN_EMPTY_BODY = YES;
				CLANG_WARN_ENUM_CONVERSION = YES;
				CLANG_WARN_INT_CONVERSION = YES;
				CLANG_WARN_OBJC_ROOT_CLASS = YES_ERROR;
				CLANG_WARN_UNREACHABLE_CODE = YES;
				CLANG_WARN__DUPLICATE_METHOD_MATCH = YES;
				"CODE_SIGN_IDENTITY[sdk=iphoneos*]" = "iPhone Developer";
				COPY_PHASE_STRIP = NO;
				DEBUG_INFORMATION_FORMAT = "dwarf-with-dsym";
				ENABLE_STRICT_OBJC_MSGSEND = YES;
				GCC_C_LANGUAGE_STANDARD = gnu99;
				GCC_DYNAMIC_NO_PIC = NO;
				GCC_NO_COMMON_BLOCKS = YES;
				GCC_OPTIMIZATION_LEVEL = 0;
				GCC_PREPROCESSOR_DEFINITIONS = (
					"DEBUG=1",
					"$(inherited)",
				);
				GCC_SYMBOLS_PRIVATE_EXTERN = NO;
				GCC_WARN_64_TO_32_BIT_CONVERSION = YES;
				GCC_WARN_ABOUT_RETURN_TYPE = YES_ERROR;
				GCC_WARN_UNDECLARED_SELECTOR = YES;
				GCC_WARN_UNINITIALIZED_AUTOS = YES_AGGRESSIVE;
				GCC_WARN_UNUSED_FUNCTION = YES;
				GCC_WARN_UNUSED_VARIABLE = YES;
				IPHONEOS_DEPLOYMENT_TARGET = 8.3;
				MTL_ENABLE_DEBUG_INFO = YES;
				ONLY_ACTIVE_ARCH = YES;
				SDKROOT = iphoneos;
				SWIFT_OPTIMIZATION_LEVEL = "-Onone";
			};
			name = Debug;
		};
		680199031B45EC320051DC0A /* Release */ = {
			isa = XCBuildConfiguration;
			buildSettings = {
				ALWAYS_SEARCH_USER_PATHS = NO;
				CLANG_CXX_LANGUAGE_STANDARD = "gnu++0x";
				CLANG_CXX_LIBRARY = "libc++";
				CLANG_ENABLE_MODULES = YES;
				CLANG_ENABLE_OBJC_ARC = YES;
				CLANG_WARN_BOOL_CONVERSION = YES;
				CLANG_WARN_CONSTANT_CONVERSION = YES;
				CLANG_WARN_DIRECT_OBJC_ISA_USAGE = YES_ERROR;
				CLANG_WARN_EMPTY_BODY = YES;
				CLANG_WARN_ENUM_CONVERSION = YES;
				CLANG_WARN_INT_CONVERSION = YES;
				CLANG_WARN_OBJC_ROOT_CLASS = YES_ERROR;
				CLANG_WARN_UNREACHABLE_CODE = YES;
				CLANG_WARN__DUPLICATE_METHOD_MATCH = YES;
				"CODE_SIGN_IDENTITY[sdk=iphoneos*]" = "iPhone Developer";
				COPY_PHASE_STRIP = NO;
				DEBUG_INFORMATION_FORMAT = "dwarf-with-dsym";
				ENABLE_NS_ASSERTIONS = NO;
				ENABLE_STRICT_OBJC_MSGSEND = YES;
				GCC_C_LANGUAGE_STANDARD = gnu99;
				GCC_NO_COMMON_BLOCKS = YES;
				GCC_WARN_64_TO_32_BIT_CONVERSION = YES;
				GCC_WARN_ABOUT_RETURN_TYPE = YES_ERROR;
				GCC_WARN_UNDECLARED_SELECTOR = YES;
				GCC_WARN_UNINITIALIZED_AUTOS = YES_AGGRESSIVE;
				GCC_WARN_UNUSED_FUNCTION = YES;
				GCC_WARN_UNUSED_VARIABLE = YES;
				IPHONEOS_DEPLOYMENT_TARGET = 8.3;
				MTL_ENABLE_DEBUG_INFO = NO;
				SDKROOT = iphoneos;
				VALIDATE_PRODUCT = YES;
			};
			name = Release;
		};
		680199051B45EC320051DC0A /* Debug */ = {
			isa = XCBuildConfiguration;
			buildSettings = {
				ASSETCATALOG_COMPILER_APPICON_NAME = AppIcon;
				INFOPLIST_FILE = "Meme Testing/Info.plist";
				LD_RUNPATH_SEARCH_PATHS = "$(inherited) @executable_path/Frameworks";
				PRODUCT_NAME = "$(TARGET_NAME)";
			};
			name = Debug;
		};
		680199061B45EC320051DC0A /* Release */ = {
			isa = XCBuildConfiguration;
			buildSettings = {
				ASSETCATALOG_COMPILER_APPICON_NAME = AppIcon;
				INFOPLIST_FILE = "Meme Testing/Info.plist";
				LD_RUNPATH_SEARCH_PATHS = "$(inherited) @executable_path/Frameworks";
				PRODUCT_NAME = "$(TARGET_NAME)";
			};
			name = Release;
		};
		680199081B45EC320051DC0A /* Debug */ = {
			isa = XCBuildConfiguration;
			buildSettings = {
				BUNDLE_LOADER = "$(TEST_HOST)";
				FRAMEWORK_SEARCH_PATHS = (
					"$(SDKROOT)/Developer/Library/Frameworks",
					"$(inherited)",
				);
				GCC_PREPROCESSOR_DEFINITIONS = (
					"DEBUG=1",
					"$(inherited)",
				);
				INFOPLIST_FILE = "Meme TestingTests/Info.plist";
				LD_RUNPATH_SEARCH_PATHS = "$(inherited) @executable_path/Frameworks @loader_path/Frameworks";
				PRODUCT_NAME = "$(TARGET_NAME)";
				TEST_HOST = "$(BUILT_PRODUCTS_DIR)/Meme Testing.app/Meme Testing";
			};
			name = Debug;
		};
		680199091B45EC320051DC0A /* Release */ = {
			isa = XCBuildConfiguration;
			buildSettings = {
				BUNDLE_LOADER = "$(TEST_HOST)";
				FRAMEWORK_SEARCH_PATHS = (
					"$(SDKROOT)/Developer/Library/Frameworks",
					"$(inherited)",
				);
				INFOPLIST_FILE = "Meme TestingTests/Info.plist";
				LD_RUNPATH_SEARCH_PATHS = "$(inherited) @executable_path/Frameworks @loader_path/Frameworks";
				PRODUCT_NAME = "$(TARGET_NAME)";
				TEST_HOST = "$(BUILT_PRODUCTS_DIR)/Meme Testing.app/Meme Testing";
			};
			name = Release;
		};
/* End XCBuildConfiguration section */

/* Begin XCConfigurationList section */
		680198E01B45EC320051DC0A /* Build configuration list for PBXProject "Meme Testing" */ = {
			isa = XCConfigurationList;
			buildConfigurations = (
				680199021B45EC320051DC0A /* Debug */,
				680199031B45EC320051DC0A /* Release */,
			);
			defaultConfigurationIsVisible = 0;
			defaultConfigurationName = Release;
		};
		680199041B45EC320051DC0A /* Build configuration list for PBXNativeTarget "Meme Testing" */ = {
			isa = XCConfigurationList;
			buildConfigurations = (
				680199051B45EC320051DC0A /* Debug */,
				680199061B45EC320051DC0A /* Release */,
			);
			defaultConfigurationIsVisible = 0;
		};
		680199071B45EC320051DC0A /* Build configuration list for PBXNativeTarget "Meme TestingTests" */ = {
			isa = XCConfigurationList;
			buildConfigurations = (
				680199081B45EC320051DC0A /* Debug */,
				680199091B45EC320051DC0A /* Release */,
			);
			defaultConfigurationIsVisible = 0;
		};
/* End XCConfigurationList section */
	};
	rootObject = 680198DD1B45EC320051DC0A /* Project object */;
}
